// !$*UTF8*$!
{
	archiveVersion = 1;
	classes = {
	};
	objectVersion = 46;
	objects = {

/* Begin PBXBuildFile section */
		5E32024619EC136500645D73 /* main.m in Sources */ = {isa = PBXBuildFile; fileRef = 5E32024519EC136500645D73 /* main.m */; };
		5E32024919EC136500645D73 /* AppDelegate.m in Sources */ = {isa = PBXBuildFile; fileRef = 5E32024819EC136500645D73 /* AppDelegate.m */; };
		5E32024C19EC136500645D73 /* FirstViewController.m in Sources */ = {isa = PBXBuildFile; fileRef = 5E32024B19EC136500645D73 /* FirstViewController.m */; };
		5E32024F19EC136500645D73 /* SecondViewController.m in Sources */ = {isa = PBXBuildFile; fileRef = 5E32024E19EC136500645D73 /* SecondViewController.m */; };
		5E32025219EC136500645D73 /* Main.storyboard in Resources */ = {isa = PBXBuildFile; fileRef = 5E32025019EC136500645D73 /* Main.storyboard */; };
		5E32025419EC136500645D73 /* Images.xcassets in Resources */ = {isa = PBXBuildFile; fileRef = 5E32025319EC136500645D73 /* Images.xcassets */; };
		5E32025719EC136500645D73 /* LaunchScreen.xib in Resources */ = {isa = PBXBuildFile; fileRef = 5E32025519EC136500645D73 /* LaunchScreen.xib */; };
		5E32026319EC136500645D73 /* sampleTests.m in Sources */ = {isa = PBXBuildFile; fileRef = 5E32026219EC136500645D73 /* sampleTests.m */; };
		5E32026D19EC1B4700645D73 /* UrQA-Client-iOS.framework in Frameworks */ = {isa = PBXBuildFile; fileRef = 5E32026C19EC1B4700645D73 /* UrQA-Client-iOS.framework */; };
		5E32026F19EC1B8E00645D73 /* SystemConfiguration.framework in Frameworks */ = {isa = PBXBuildFile; fileRef = 5E32026E19EC1B8E00645D73 /* SystemConfiguration.framework */; };
		5E32027119EC1B9C00645D73 /* CoreTelephony.framework in Frameworks */ = {isa = PBXBuildFile; fileRef = 5E32027019EC1B9C00645D73 /* CoreTelephony.framework */; };
/* End PBXBuildFile section */

/* Begin PBXContainerItemProxy section */
		5E32025D19EC136500645D73 /* PBXContainerItemProxy */ = {
			isa = PBXContainerItemProxy;
			containerPortal = 5E32023819EC136500645D73 /* Project object */;
			proxyType = 1;
			remoteGlobalIDString = 5E32023F19EC136500645D73;
			remoteInfo = sample;
		};
/* End PBXContainerItemProxy section */

/* Begin PBXFileReference section */
		5E32024019EC136500645D73 /* sample.app */ = {isa = PBXFileReference; explicitFileType = wrapper.application; includeInIndex = 0; path = sample.app; sourceTree = BUILT_PRODUCTS_DIR; };
		5E32024419EC136500645D73 /* Info.plist */ = {isa = PBXFileReference; lastKnownFileType = text.plist.xml; path = Info.plist; sourceTree = "<group>"; };
		5E32024519EC136500645D73 /* main.m */ = {isa = PBXFileReference; lastKnownFileType = sourcecode.c.objc; path = main.m; sourceTree = "<group>"; };
		5E32024719EC136500645D73 /* AppDelegate.h */ = {isa = PBXFileReference; lastKnownFileType = sourcecode.c.h; path = AppDelegate.h; sourceTree = "<group>"; };
		5E32024819EC136500645D73 /* AppDelegate.m */ = {isa = PBXFileReference; lastKnownFileType = sourcecode.c.objc; path = AppDelegate.m; sourceTree = "<group>"; };
		5E32024A19EC136500645D73 /* FirstViewController.h */ = {isa = PBXFileReference; lastKnownFileType = sourcecode.c.h; path = FirstViewController.h; sourceTree = "<group>"; };
		5E32024B19EC136500645D73 /* FirstViewController.m */ = {isa = PBXFileReference; lastKnownFileType = sourcecode.c.objc; path = FirstViewController.m; sourceTree = "<group>"; };
		5E32024D19EC136500645D73 /* SecondViewController.h */ = {isa = PBXFileReference; lastKnownFileType = sourcecode.c.h; path = SecondViewController.h; sourceTree = "<group>"; };
		5E32024E19EC136500645D73 /* SecondViewController.m */ = {isa = PBXFileReference; lastKnownFileType = sourcecode.c.objc; path = SecondViewController.m; sourceTree = "<group>"; };
		5E32025119EC136500645D73 /* Base */ = {isa = PBXFileReference; lastKnownFileType = file.storyboard; name = Base; path = Base.lproj/Main.storyboard; sourceTree = "<group>"; };
		5E32025319EC136500645D73 /* Images.xcassets */ = {isa = PBXFileReference; lastKnownFileType = folder.assetcatalog; path = Images.xcassets; sourceTree = "<group>"; };
		5E32025619EC136500645D73 /* Base */ = {isa = PBXFileReference; lastKnownFileType = file.xib; name = Base; path = Base.lproj/LaunchScreen.xib; sourceTree = "<group>"; };
		5E32025C19EC136500645D73 /* sampleTests.xctest */ = {isa = PBXFileReference; explicitFileType = wrapper.cfbundle; includeInIndex = 0; path = sampleTests.xctest; sourceTree = BUILT_PRODUCTS_DIR; };
		5E32026119EC136500645D73 /* Info.plist */ = {isa = PBXFileReference; lastKnownFileType = text.plist.xml; path = Info.plist; sourceTree = "<group>"; };
		5E32026219EC136500645D73 /* sampleTests.m */ = {isa = PBXFileReference; lastKnownFileType = sourcecode.c.objc; path = sampleTests.m; sourceTree = "<group>"; };
		5E32026C19EC1B4700645D73 /* UrQA-Client-iOS.framework */ = {isa = PBXFileReference; lastKnownFileType = wrapper.framework; path = "UrQA-Client-iOS.framework"; sourceTree = "<group>"; };
		5E32026E19EC1B8E00645D73 /* SystemConfiguration.framework */ = {isa = PBXFileReference; lastKnownFileType = wrapper.framework; name = SystemConfiguration.framework; path = System/Library/Frameworks/SystemConfiguration.framework; sourceTree = SDKROOT; };
		5E32027019EC1B9C00645D73 /* CoreTelephony.framework */ = {isa = PBXFileReference; lastKnownFileType = wrapper.framework; name = CoreTelephony.framework; path = System/Library/Frameworks/CoreTelephony.framework; sourceTree = SDKROOT; };
/* End PBXFileReference section */

/* Begin PBXFrameworksBuildPhase section */
		5E32023D19EC136500645D73 /* Frameworks */ = {
			isa = PBXFrameworksBuildPhase;
			buildActionMask = 2147483647;
			files = (
				5E32027119EC1B9C00645D73 /* CoreTelephony.framework in Frameworks */,
				5E32026F19EC1B8E00645D73 /* SystemConfiguration.framework in Frameworks */,
				5E32026D19EC1B4700645D73 /* UrQA-Client-iOS.framework in Frameworks */,
			);
			runOnlyForDeploymentPostprocessing = 0;
		};
		5E32025919EC136500645D73 /* Frameworks */ = {
			isa = PBXFrameworksBuildPhase;
			buildActionMask = 2147483647;
			files = (
			);
			runOnlyForDeploymentPostprocessing = 0;
		};
/* End PBXFrameworksBuildPhase section */

/* Begin PBXGroup section */
		5E32023719EC136500645D73 = {
			isa = PBXGroup;
			children = (
				5E32024219EC136500645D73 /* sample */,
				5E32025F19EC136500645D73 /* sampleTests */,
				5E32024119EC136500645D73 /* Products */,
				5E32027319EC1BE600645D73 /* Framework */,
			);
			sourceTree = "<group>";
		};
		5E32024119EC136500645D73 /* Products */ = {
			isa = PBXGroup;
			children = (
				5E32024019EC136500645D73 /* sample.app */,
				5E32025C19EC136500645D73 /* sampleTests.xctest */,
			);
			name = Products;
			sourceTree = "<group>";
		};
		5E32024219EC136500645D73 /* sample */ = {
			isa = PBXGroup;
			children = (
				5E32024719EC136500645D73 /* AppDelegate.h */,
				5E32024819EC136500645D73 /* AppDelegate.m */,
				5E32024A19EC136500645D73 /* FirstViewController.h */,
				5E32024B19EC136500645D73 /* FirstViewController.m */,
				5E32024D19EC136500645D73 /* SecondViewController.h */,
				5E32024E19EC136500645D73 /* SecondViewController.m */,
				5E32025019EC136500645D73 /* Main.storyboard */,
				5E32025319EC136500645D73 /* Images.xcassets */,
				5E32025519EC136500645D73 /* LaunchScreen.xib */,
				5E32024319EC136500645D73 /* Supporting Files */,
			);
			path = sample;
			sourceTree = "<group>";
		};
		5E32024319EC136500645D73 /* Supporting Files */ = {
			isa = PBXGroup;
			children = (
				5E32024419EC136500645D73 /* Info.plist */,
				5E32024519EC136500645D73 /* main.m */,
			);
			name = "Supporting Files";
			sourceTree = "<group>";
		};
		5E32025F19EC136500645D73 /* sampleTests */ = {
			isa = PBXGroup;
			children = (
				5E32026219EC136500645D73 /* sampleTests.m */,
				5E32026019EC136500645D73 /* Supporting Files */,
			);
			path = sampleTests;
			sourceTree = "<group>";
		};
		5E32026019EC136500645D73 /* Supporting Files */ = {
			isa = PBXGroup;
			children = (
				5E32026119EC136500645D73 /* Info.plist */,
			);
			name = "Supporting Files";
			sourceTree = "<group>";
		};
		5E32027319EC1BE600645D73 /* Framework */ = {
			isa = PBXGroup;
			children = (
				5E32027019EC1B9C00645D73 /* CoreTelephony.framework */,
				5E32026E19EC1B8E00645D73 /* SystemConfiguration.framework */,
				5E32026C19EC1B4700645D73 /* UrQA-Client-iOS.framework */,
			);
			name = Framework;
			sourceTree = "<group>";
		};
/* End PBXGroup section */

/* Begin PBXNativeTarget section */
		5E32023F19EC136500645D73 /* sample */ = {
			isa = PBXNativeTarget;
			buildConfigurationList = 5E32026619EC136500645D73 /* Build configuration list for PBXNativeTarget "sample" */;
			buildPhases = (
				5E32023C19EC136500645D73 /* Sources */,
				5E32023D19EC136500645D73 /* Frameworks */,
				5E32023E19EC136500645D73 /* Resources */,
			);
			buildRules = (
			);
			dependencies = (
			);
			name = sample;
			productName = sample;
			productReference = 5E32024019EC136500645D73 /* sample.app */;
			productType = "com.apple.product-type.application";
		};
		5E32025B19EC136500645D73 /* sampleTests */ = {
			isa = PBXNativeTarget;
			buildConfigurationList = 5E32026919EC136500645D73 /* Build configuration list for PBXNativeTarget "sampleTests" */;
			buildPhases = (
				5E32025819EC136500645D73 /* Sources */,
				5E32025919EC136500645D73 /* Frameworks */,
				5E32025A19EC136500645D73 /* Resources */,
			);
			buildRules = (
			);
			dependencies = (
				5E32025E19EC136500645D73 /* PBXTargetDependency */,
			);
			name = sampleTests;
			productName = sampleTests;
			productReference = 5E32025C19EC136500645D73 /* sampleTests.xctest */;
			productType = "com.apple.product-type.bundle.unit-test";
		};
/* End PBXNativeTarget section */

/* Begin PBXProject section */
		5E32023819EC136500645D73 /* Project object */ = {
			isa = PBXProject;
			attributes = {
				LastUpgradeCheck = 0600;
				ORGANIZATIONNAME = Karuana;
				TargetAttributes = {
					5E32023F19EC136500645D73 = {
						CreatedOnToolsVersion = 6.0.1;
					};
					5E32025B19EC136500645D73 = {
						CreatedOnToolsVersion = 6.0.1;
						TestTargetID = 5E32023F19EC136500645D73;
					};
				};
			};
			buildConfigurationList = 5E32023B19EC136500645D73 /* Build configuration list for PBXProject "sample" */;
			compatibilityVersion = "Xcode 3.2";
			developmentRegion = English;
			hasScannedForEncodings = 0;
			knownRegions = (
				en,
				Base,
			);
			mainGroup = 5E32023719EC136500645D73;
			productRefGroup = 5E32024119EC136500645D73 /* Products */;
			projectDirPath = "";
			projectRoot = "";
			targets = (
				5E32023F19EC136500645D73 /* sample */,
				5E32025B19EC136500645D73 /* sampleTests */,
			);
		};
/* End PBXProject section */

/* Begin PBXResourcesBuildPhase section */
		5E32023E19EC136500645D73 /* Resources */ = {
			isa = PBXResourcesBuildPhase;
			buildActionMask = 2147483647;
			files = (
				5E32025219EC136500645D73 /* Main.storyboard in Resources */,
				5E32025719EC136500645D73 /* LaunchScreen.xib in Resources */,
				5E32025419EC136500645D73 /* Images.xcassets in Resources */,
			);
			runOnlyForDeploymentPostprocessing = 0;
		};
		5E32025A19EC136500645D73 /* Resources */ = {
			isa = PBXResourcesBuildPhase;
			buildActionMask = 2147483647;
			files = (
			);
			runOnlyForDeploymentPostprocessing = 0;
		};
/* End PBXResourcesBuildPhase section */

/* Begin PBXSourcesBuildPhase section */
		5E32023C19EC136500645D73 /* Sources */ = {
			isa = PBXSourcesBuildPhase;
			buildActionMask = 2147483647;
			files = (
				5E32024F19EC136500645D73 /* SecondViewController.m in Sources */,
				5E32024919EC136500645D73 /* AppDelegate.m in Sources */,
				5E32024C19EC136500645D73 /* FirstViewController.m in Sources */,
				5E32024619EC136500645D73 /* main.m in Sources */,
			);
			runOnlyForDeploymentPostprocessing = 0;
		};
		5E32025819EC136500645D73 /* Sources */ = {
			isa = PBXSourcesBuildPhase;
			buildActionMask = 2147483647;
			files = (
				5E32026319EC136500645D73 /* sampleTests.m in Sources */,
			);
			runOnlyForDeploymentPostprocessing = 0;
		};
/* End PBXSourcesBuildPhase section */

/* Begin PBXTargetDependency section */
		5E32025E19EC136500645D73 /* PBXTargetDependency */ = {
			isa = PBXTargetDependency;
			target = 5E32023F19EC136500645D73 /* sample */;
			targetProxy = 5E32025D19EC136500645D73 /* PBXContainerItemProxy */;
		};
/* End PBXTargetDependency section */

/* Begin PBXVariantGroup section */
		5E32025019EC136500645D73 /* Main.storyboard */ = {
			isa = PBXVariantGroup;
			children = (
				5E32025119EC136500645D73 /* Base */,
			);
			name = Main.storyboard;
			sourceTree = "<group>";
		};
		5E32025519EC136500645D73 /* LaunchScreen.xib */ = {
			isa = PBXVariantGroup;
			children = (
				5E32025619EC136500645D73 /* Base */,
			);
			name = LaunchScreen.xib;
			sourceTree = "<group>";
		};
/* End PBXVariantGroup section */

/* Begin XCBuildConfiguration section */
		5E32026419EC136500645D73 /* Debug */ = {
			isa = XCBuildConfiguration;
			buildSettings = {
				ALWAYS_SEARCH_USER_PATHS = NO;
				CLANG_CXX_LANGUAGE_STANDARD = "gnu++0x";
				CLANG_CXX_LIBRARY = "libc++";
				CLANG_ENABLE_MODULES = YES;
				CLANG_ENABLE_OBJC_ARC = YES;
				CLANG_WARN_BOOL_CONVERSION = YES;
				CLANG_WARN_CONSTANT_CONVERSION = YES;
				CLANG_WARN_DIRECT_OBJC_ISA_USAGE = YES_ERROR;
				CLANG_WARN_EMPTY_BODY = YES;
				CLANG_WARN_ENUM_CONVERSION = YES;
				CLANG_WARN_INT_CONVERSION = YES;
				CLANG_WARN_OBJC_ROOT_CLASS = YES_ERROR;
				CLANG_WARN_UNREACHABLE_CODE = YES;
				CLANG_WARN__DUPLICATE_METHOD_MATCH = YES;
				"CODE_SIGN_IDENTITY[sdk=iphoneos*]" = "iPhone Developer";
				COPY_PHASE_STRIP = NO;
				ENABLE_STRICT_OBJC_MSGSEND = YES;
				GCC_C_LANGUAGE_STANDARD = gnu99;
				GCC_DYNAMIC_NO_PIC = NO;
				GCC_OPTIMIZATION_LEVEL = 0;
				GCC_PREPROCESSOR_DEFINITIONS = (
					"DEBUG=1",
					"$(inherited)",
				);
				GCC_SYMBOLS_PRIVATE_EXTERN = NO;
				GCC_WARN_64_TO_32_BIT_CONVERSION = YES;
				GCC_WARN_ABOUT_RETURN_TYPE = YES_ERROR;
				GCC_WARN_UNDECLARED_SELECTOR = YES;
				GCC_WARN_UNINITIALIZED_AUTOS = YES_AGGRESSIVE;
				GCC_WARN_UNUSED_FUNCTION = YES;
				GCC_WARN_UNUSED_VARIABLE = YES;
				IPHONEOS_DEPLOYMENT_TARGET = 8.0;
				MTL_ENABLE_DEBUG_INFO = YES;
				ONLY_ACTIVE_ARCH = YES;
				SDKROOT = iphoneos;
				TARGETED_DEVICE_FAMILY = "1,2";
			};
			name = Debug;
		};
		5E32026519EC136500645D73 /* Release */ = {
			isa = XCBuildConfiguration;
			buildSettings = {
				ALWAYS_SEARCH_USER_PATHS = NO;
				CLANG_CXX_LANGUAGE_STANDARD = "gnu++0x";
				CLANG_CXX_LIBRARY = "libc++";
				CLANG_ENABLE_MODULES = YES;
				CLANG_ENABLE_OBJC_ARC = YES;
				CLANG_WARN_BOOL_CONVERSION = YES;
				CLANG_WARN_CONSTANT_CONVERSION = YES;
				CLANG_WARN_DIRECT_OBJC_ISA_USAGE = YES_ERROR;
				CLANG_WARN_EMPTY_BODY = YES;
				CLANG_WARN_ENUM_CONVERSION = YES;
				CLANG_WARN_INT_CONVERSION = YES;
				CLANG_WARN_OBJC_ROOT_CLASS = YES_ERROR;
				CLANG_WARN_UNREACHABLE_CODE = YES;
				CLANG_WARN__DUPLICATE_METHOD_MATCH = YES;
				"CODE_SIGN_IDENTITY[sdk=iphoneos*]" = "iPhone Developer";
				COPY_PHASE_STRIP = YES;
				ENABLE_NS_ASSERTIONS = NO;
				ENABLE_STRICT_OBJC_MSGSEND = YES;
				GCC_C_LANGUAGE_STANDARD = gnu99;
				GCC_WARN_64_TO_32_BIT_CONVERSION = YES;
				GCC_WARN_ABOUT_RETURN_TYPE = YES_ERROR;
				GCC_WARN_UNDECLARED_SELECTOR = YES;
				GCC_WARN_UNINITIALIZED_AUTOS = YES_AGGRESSIVE;
				GCC_WARN_UNUSED_FUNCTION = YES;
				GCC_WARN_UNUSED_VARIABLE = YES;
				IPHONEOS_DEPLOYMENT_TARGET = 8.0;
				MTL_ENABLE_DEBUG_INFO = NO;
				SDKROOT = iphoneos;
				TARGETED_DEVICE_FAMILY = "1,2";
				VALIDATE_PRODUCT = YES;
			};
			name = Release;
		};
		5E32026719EC136500645D73 /* Debug */ = {
			isa = XCBuildConfiguration;
			buildSettings = {
				ASSETCATALOG_COMPILER_APPICON_NAME = AppIcon;
				FRAMEWORK_SEARCH_PATHS = (
					"$(inherited)",
					"$(PROJECT_DIR)",
				);
				INFOPLIST_FILE = sample/Info.plist;
				LD_RUNPATH_SEARCH_PATHS = "$(inherited) @executable_path/Frameworks";
				PRODUCT_NAME = "$(TARGET_NAME)";
			};
			name = Debug;
		};
		5E32026819EC136500645D73 /* Release */ = {
			isa = XCBuildConfiguration;
			buildSettings = {
				ASSETCATALOG_COMPILER_APPICON_NAME = AppIcon;
				FRAMEWORK_SEARCH_PATHS = (
					"$(inherited)",
					"$(PROJECT_DIR)",
				);
				INFOPLIST_FILE = sample/Info.plist;
				LD_RUNPATH_SEARCH_PATHS = "$(inherited) @executable_path/Frameworks";
				PRODUCT_NAME = "$(TARGET_NAME)";
			};
			name = Release;
		};
		5E32026A19EC136500645D73 /* Debug */ = {
			isa = XCBuildConfiguration;
			buildSettings = {
				BUNDLE_LOADER = "$(TEST_HOST)";
				FRAMEWORK_SEARCH_PATHS = (
					"$(SDKROOT)/Developer/Library/Frameworks",
					"$(inherited)",
				);
				GCC_PREPROCESSOR_DEFINITIONS = (
					"DEBUG=1",
					"$(inherited)",
				);
				INFOPLIST_FILE = sampleTests/Info.plist;
				LD_RUNPATH_SEARCH_PATHS = "$(inherited) @executable_path/Frameworks @loader_path/Frameworks";
				PRODUCT_NAME = "$(TARGET_NAME)";
				TEST_HOST = "$(BUILT_PRODUCTS_DIR)/sample.app/sample";
			};
			name = Debug;
		};
		5E32026B19EC136500645D73 /* Release */ = {
			isa = XCBuildConfiguration;
			buildSettings = {
				BUNDLE_LOADER = "$(TEST_HOST)";
				FRAMEWORK_SEARCH_PATHS = (
					"$(SDKROOT)/Developer/Library/Frameworks",
					"$(inherited)",
				);
				INFOPLIST_FILE = sampleTests/Info.plist;
				LD_RUNPATH_SEARCH_PATHS = "$(inherited) @executable_path/Frameworks @loader_path/Frameworks";
				PRODUCT_NAME = "$(TARGET_NAME)";
				TEST_HOST = "$(BUILT_PRODUCTS_DIR)/sample.app/sample";
			};
			name = Release;
		};
/* End XCBuildConfiguration section */

/* Begin XCConfigurationList section */
		5E32023B19EC136500645D73 /* Build configuration list for PBXProject "sample" */ = {
			isa = XCConfigurationList;
			buildConfigurations = (
				5E32026419EC136500645D73 /* Debug */,
				5E32026519EC136500645D73 /* Release */,
			);
			defaultConfigurationIsVisible = 0;
			defaultConfigurationName = Release;
		};
		5E32026619EC136500645D73 /* Build configuration list for PBXNativeTarget "sample" */ = {
			isa = XCConfigurationList;
			buildConfigurations = (
				5E32026719EC136500645D73 /* Debug */,
				5E32026819EC136500645D73 /* Release */,
			);
			defaultConfigurationIsVisible = 0;
		};
		5E32026919EC136500645D73 /* Build configuration list for PBXNativeTarget "sampleTests" */ = {
			isa = XCConfigurationList;
			buildConfigurations = (
				5E32026A19EC136500645D73 /* Debug */,
				5E32026B19EC136500645D73 /* Release */,
			);
			defaultConfigurationIsVisible = 0;
		};
/* End XCConfigurationList section */
	};
	rootObject = 5E32023819EC136500645D73 /* Project object */;
}
